
Microsoft Visual Studio Solution File, Format Version 12.00
# Visual Studio Version 17
VisualStudioVersion = 17.9.34728.123
MinimumVisualStudioVersion = 10.0.40219.1
Project("{FAE04EC0-301F-11D3-BF4B-00C04F79EFBC}") = "Common", "Common\Common.csproj", "{D47A2300-654A-4DB1-B60B-F62B72ABF550}"
EndProject
Global
	GlobalSection(SolutionConfigurationPlatforms) = preSolution
		Debug|Any CPU = Debug|Any CPU
		Release|Any CPU = Release|Any CPU
	EndGlobalSection
	GlobalSection(ProjectConfigurationPlatforms) = postSolution
		{D47A2300-654A-4DB1-B60B-F62B72ABF550}.Debug|Any CPU.ActiveCfg = Debug|Any CPU
		{D47A2300-654A-4DB1-B60B-F62B72ABF550}.Debug|Any CPU.Build.0 = Debug|Any CPU
		{D47A2300-654A-4DB1-B60B-F62B72ABF550}.Release|Any CPU.ActiveCfg = Release|Any CPU
		{D47A2300-654A-4DB1-B60B-F62B72ABF550}.Release|Any CPU.Build.0 = Release|Any CPU
	EndGlobalSection
	GlobalSection(SolutionProperties) = preSolution
		HideSolutionNode = FALSE
	EndGlobalSection
	GlobalSection(ExtensibilityGlobals) = postSolution
		SolutionGuid = {169F2778-ADCE-4299-A99C-E6BF07E67A19}
	EndGlobalSection
EndGlobal
